// !$*UTF8*$!
{
	archiveVersion = 1;
	classes = {
	};
	objectVersion = 55;
	objects = {

/* Begin PBXBuildFile section */
		710BDBEC2C55465600284D27 /* Words in Resources */ = {isa = PBXBuildFile; fileRef = 710BDBEB2C55465600284D27 /* Words */; };
		710BDBF02C5549BB00284D27 /* SettingsView.swift in Sources */ = {isa = PBXBuildFile; fileRef = 710BDBEF2C5549BB00284D27 /* SettingsView.swift */; };
		710BDBF22C5549DB00284D27 /* SettingsViewVM.swift in Sources */ = {isa = PBXBuildFile; fileRef = 710BDBF12C5549DB00284D27 /* SettingsViewVM.swift */; };
		710BDBF42C58017100284D27 /* LanguageManager.swift in Sources */ = {isa = PBXBuildFile; fileRef = 710BDBF32C58017100284D27 /* LanguageManager.swift */; };
		712F4D002B8264FD007E3882 /* LetterlyApp.swift in Sources */ = {isa = PBXBuildFile; fileRef = 712F4CFF2B8264FD007E3882 /* LetterlyApp.swift */; };
		712F4D022B8264FD007E3882 /* GameView.swift in Sources */ = {isa = PBXBuildFile; fileRef = 712F4D012B8264FD007E3882 /* GameView.swift */; };
		712F4D042B8264FF007E3882 /* Assets.xcassets in Resources */ = {isa = PBXBuildFile; fileRef = 712F4D032B8264FF007E3882 /* Assets.xcassets */; };
		712F4D072B8264FF007E3882 /* Preview Assets.xcassets in Resources */ = {isa = PBXBuildFile; fileRef = 712F4D062B8264FF007E3882 /* Preview Assets.xcassets */; };
		712F4D0F2B826536007E3882 /* LetterBox.swift in Sources */ = {isa = PBXBuildFile; fileRef = 712F4D0E2B826536007E3882 /* LetterBox.swift */; };
		712F4D132B826A4F007E3882 /* Rubik-VariableFont_wght.ttf in Resources */ = {isa = PBXBuildFile; fileRef = 712F4D112B826A4F007E3882 /* Rubik-VariableFont_wght.ttf */; };
		712F4D142B826A4F007E3882 /* Rubik-Italic-VariableFont_wght.ttf in Resources */ = {isa = PBXBuildFile; fileRef = 712F4D122B826A4F007E3882 /* Rubik-Italic-VariableFont_wght.ttf */; };
		712F4D172B828118007E3882 /* ColorCutView.swift in Sources */ = {isa = PBXBuildFile; fileRef = 712F4D162B828118007E3882 /* ColorCutView.swift */; };
		712F4D192B8532FC007E3882 /* GuessWordView.swift in Sources */ = {isa = PBXBuildFile; fileRef = 712F4D182B8532FC007E3882 /* GuessWordView.swift */; };
		712F4D1B2B865658007E3882 /* KeyboardView.swift in Sources */ = {isa = PBXBuildFile; fileRef = 712F4D1A2B865658007E3882 /* KeyboardView.swift */; };
		712F4D1D2B87C89A007E3882 /* GameViewVM.swift in Sources */ = {isa = PBXBuildFile; fileRef = 712F4D1C2B87C89A007E3882 /* GameViewVM.swift */; };
		712F4D202B87D069007E3882 /* KeyboardReciver.swift in Sources */ = {isa = PBXBuildFile; fileRef = 712F4D1F2B87D069007E3882 /* KeyboardReciver.swift */; };
		71860EB12BA1E0C800A7A66D /* MainScreen.swift in Sources */ = {isa = PBXBuildFile; fileRef = 71860EB02BA1E0C800A7A66D /* MainScreen.swift */; };
		71860EB32BA1E36400A7A66D /* CustomModifiers.swift in Sources */ = {isa = PBXBuildFile; fileRef = 71860EB22BA1E36400A7A66D /* CustomModifiers.swift */; };
		71860EB52BA3619900A7A66D /* CustomSegmentedPicker.swift in Sources */ = {isa = PBXBuildFile; fileRef = 71860EB42BA3619900A7A66D /* CustomSegmentedPicker.swift */; };
		719130202B8E58FD00E8167B /* slowa.txt in Resources */ = {isa = PBXBuildFile; fileRef = 7191301F2B8E58FD00E8167B /* slowa.txt */; };
		719130232B8E59E200E8167B /* WordsManager.swift in Sources */ = {isa = PBXBuildFile; fileRef = 719130222B8E59E200E8167B /* WordsManager.swift */; };
		71D8FEA82B8902A300863454 /* LetterStateVM.swift in Sources */ = {isa = PBXBuildFile; fileRef = 71D8FEA72B8902A300863454 /* LetterStateVM.swift */; };
		7E16F63595232081D5159706 /* Pods_Letterly.framework in Frameworks */ = {isa = PBXBuildFile; fileRef = 332845B938757E3B37939F9E /* Pods_Letterly.framework */; };
/* End PBXBuildFile section */

/* Begin PBXFileReference section */
		332845B938757E3B37939F9E /* Pods_Letterly.framework */ = {isa = PBXFileReference; explicitFileType = wrapper.framework; includeInIndex = 0; path = Pods_Letterly.framework; sourceTree = BUILT_PRODUCTS_DIR; };
		710BDBEB2C55465600284D27 /* Words */ = {isa = PBXFileReference; lastKnownFileType = folder; path = Words; sourceTree = "<group>"; };
		710BDBEF2C5549BB00284D27 /* SettingsView.swift */ = {isa = PBXFileReference; lastKnownFileType = sourcecode.swift; path = SettingsView.swift; sourceTree = "<group>"; };
		710BDBF12C5549DB00284D27 /* SettingsViewVM.swift */ = {isa = PBXFileReference; lastKnownFileType = sourcecode.swift; path = SettingsViewVM.swift; sourceTree = "<group>"; };
		710BDBF32C58017100284D27 /* LanguageManager.swift */ = {isa = PBXFileReference; lastKnownFileType = sourcecode.swift; path = LanguageManager.swift; sourceTree = "<group>"; };
		712F4CFC2B8264FD007E3882 /* Letterly.app */ = {isa = PBXFileReference; explicitFileType = wrapper.application; includeInIndex = 0; path = Letterly.app; sourceTree = BUILT_PRODUCTS_DIR; };
		712F4CFF2B8264FD007E3882 /* LetterlyApp.swift */ = {isa = PBXFileReference; lastKnownFileType = sourcecode.swift; path = LetterlyApp.swift; sourceTree = "<group>"; };
		712F4D012B8264FD007E3882 /* GameView.swift */ = {isa = PBXFileReference; lastKnownFileType = sourcecode.swift; path = GameView.swift; sourceTree = "<group>"; };
		712F4D032B8264FF007E3882 /* Assets.xcassets */ = {isa = PBXFileReference; lastKnownFileType = folder.assetcatalog; path = Assets.xcassets; sourceTree = "<group>"; };
		712F4D062B8264FF007E3882 /* Preview Assets.xcassets */ = {isa = PBXFileReference; lastKnownFileType = folder.assetcatalog; path = "Preview Assets.xcassets"; sourceTree = "<group>"; };
		712F4D0E2B826536007E3882 /* LetterBox.swift */ = {isa = PBXFileReference; lastKnownFileType = sourcecode.swift; path = LetterBox.swift; sourceTree = "<group>"; };
		712F4D112B826A4F007E3882 /* Rubik-VariableFont_wght.ttf */ = {isa = PBXFileReference; lastKnownFileType = file; name = "Rubik-VariableFont_wght.ttf"; path = "../../../../../Downloads/Gabarito,Rubik/Rubik/Rubik-VariableFont_wght.ttf"; sourceTree = "<group>"; };
		712F4D122B826A4F007E3882 /* Rubik-Italic-VariableFont_wght.ttf */ = {isa = PBXFileReference; lastKnownFileType = file; name = "Rubik-Italic-VariableFont_wght.ttf"; path = "../../../../../Downloads/Gabarito,Rubik/Rubik/Rubik-Italic-VariableFont_wght.ttf"; sourceTree = "<group>"; };
		712F4D152B826A92007E3882 /* Info.plist */ = {isa = PBXFileReference; lastKnownFileType = text.plist; path = Info.plist; sourceTree = "<group>"; };
		712F4D162B828118007E3882 /* ColorCutView.swift */ = {isa = PBXFileReference; lastKnownFileType = sourcecode.swift; path = ColorCutView.swift; sourceTree = "<group>"; };
		712F4D182B8532FC007E3882 /* GuessWordView.swift */ = {isa = PBXFileReference; lastKnownFileType = sourcecode.swift; path = GuessWordView.swift; sourceTree = "<group>"; };
		712F4D1A2B865658007E3882 /* KeyboardView.swift */ = {isa = PBXFileReference; lastKnownFileType = sourcecode.swift; path = KeyboardView.swift; sourceTree = "<group>"; };
		712F4D1C2B87C89A007E3882 /* GameViewVM.swift */ = {isa = PBXFileReference; lastKnownFileType = sourcecode.swift; path = GameViewVM.swift; sourceTree = "<group>"; };
		712F4D1F2B87D069007E3882 /* KeyboardReciver.swift */ = {isa = PBXFileReference; lastKnownFileType = sourcecode.swift; path = KeyboardReciver.swift; sourceTree = "<group>"; };
		71860EB02BA1E0C800A7A66D /* MainScreen.swift */ = {isa = PBXFileReference; lastKnownFileType = sourcecode.swift; path = MainScreen.swift; sourceTree = "<group>"; };
		71860EB22BA1E36400A7A66D /* CustomModifiers.swift */ = {isa = PBXFileReference; lastKnownFileType = sourcecode.swift; path = CustomModifiers.swift; sourceTree = "<group>"; };
		71860EB42BA3619900A7A66D /* CustomSegmentedPicker.swift */ = {isa = PBXFileReference; lastKnownFileType = sourcecode.swift; path = CustomSegmentedPicker.swift; sourceTree = "<group>"; };
		7191301F2B8E58FD00E8167B /* slowa.txt */ = {isa = PBXFileReference; fileEncoding = 4; lastKnownFileType = text; name = slowa.txt; path = "../../../../Słowa/slowa.txt"; sourceTree = "<group>"; };
		719130222B8E59E200E8167B /* WordsManager.swift */ = {isa = PBXFileReference; lastKnownFileType = sourcecode.swift; path = WordsManager.swift; sourceTree = "<group>"; };
		71D8FEA72B8902A300863454 /* LetterStateVM.swift */ = {isa = PBXFileReference; lastKnownFileType = sourcecode.swift; path = LetterStateVM.swift; sourceTree = "<group>"; };
		8DA723DF176B317E156CF14F /* Pods-Letterly.release.xcconfig */ = {isa = PBXFileReference; includeInIndex = 1; lastKnownFileType = text.xcconfig; name = "Pods-Letterly.release.xcconfig"; path = "Target Support Files/Pods-Letterly/Pods-Letterly.release.xcconfig"; sourceTree = "<group>"; };
		DAFE2FB7CD28941DBB8C1A10 /* Pods-Letterly.debug.xcconfig */ = {isa = PBXFileReference; includeInIndex = 1; lastKnownFileType = text.xcconfig; name = "Pods-Letterly.debug.xcconfig"; path = "Target Support Files/Pods-Letterly/Pods-Letterly.debug.xcconfig"; sourceTree = "<group>"; };
/* End PBXFileReference section */

/* Begin PBXFrameworksBuildPhase section */
		712F4CF92B8264FD007E3882 /* Frameworks */ = {
			isa = PBXFrameworksBuildPhase;
			buildActionMask = 2147483647;
			files = (
				7E16F63595232081D5159706 /* Pods_Letterly.framework in Frameworks */,
			);
			runOnlyForDeploymentPostprocessing = 0;
		};
/* End PBXFrameworksBuildPhase section */

/* Begin PBXGroup section */
		2E70BC34B2F13EA330C7CEFB /* Frameworks */ = {
			isa = PBXGroup;
			children = (
				332845B938757E3B37939F9E /* Pods_Letterly.framework */,
			);
			name = Frameworks;
			sourceTree = "<group>";
		};
		710BDBED2C5548A400284D27 /* GameView */ = {
			isa = PBXGroup;
			children = (
				712F4D012B8264FD007E3882 /* GameView.swift */,
				712F4D1C2B87C89A007E3882 /* GameViewVM.swift */,
			);
			path = GameView;
			sourceTree = "<group>";
		};
		710BDBEE2C5549A400284D27 /* SettingsView */ = {
			isa = PBXGroup;
			children = (
				710BDBEF2C5549BB00284D27 /* SettingsView.swift */,
				710BDBF12C5549DB00284D27 /* SettingsViewVM.swift */,
			);
			path = SettingsView;
			sourceTree = "<group>";
		};
		712F4CF32B8264FD007E3882 = {
			isa = PBXGroup;
			children = (
				712F4CFE2B8264FD007E3882 /* Letterly */,
				712F4CFD2B8264FD007E3882 /* Products */,
				AFF3946A8C96BE7F1E18043F /* Pods */,
				2E70BC34B2F13EA330C7CEFB /* Frameworks */,
			);
			sourceTree = "<group>";
		};
		712F4CFD2B8264FD007E3882 /* Products */ = {
			isa = PBXGroup;
			children = (
				712F4CFC2B8264FD007E3882 /* Letterly.app */,
			);
			name = Products;
			sourceTree = "<group>";
		};
		712F4CFE2B8264FD007E3882 /* Letterly */ = {
			isa = PBXGroup;
			children = (
				710BDBEB2C55465600284D27 /* Words */,
				712F4D152B826A92007E3882 /* Info.plist */,
				712F4D032B8264FF007E3882 /* Assets.xcassets */,
				712F4CFF2B8264FD007E3882 /* LetterlyApp.swift */,
				71860EB02BA1E0C800A7A66D /* MainScreen.swift */,
				719130222B8E59E200E8167B /* WordsManager.swift */,
				710BDBF32C58017100284D27 /* LanguageManager.swift */,
				712F4D102B826A33007E3882 /* Fonts */,
				712F4D1E2B87CF54007E3882 /* GuessBox */,
				710BDBED2C5548A400284D27 /* GameView */,
				710BDBEE2C5549A400284D27 /* SettingsView */,
				712F4D0D2B82650C007E3882 /* Keyboard */,
				71860EB42BA3619900A7A66D /* CustomSegmentedPicker.swift */,
				71860EB22BA1E36400A7A66D /* CustomModifiers.swift */,
				712F4D052B8264FF007E3882 /* Preview Content */,
			);
			path = Letterly;
			sourceTree = "<group>";
		};
		712F4D052B8264FF007E3882 /* Preview Content */ = {
			isa = PBXGroup;
			children = (
				712F4D062B8264FF007E3882 /* Preview Assets.xcassets */,
			);
			path = "Preview Content";
			sourceTree = "<group>";
		};
		712F4D0D2B82650C007E3882 /* Keyboard */ = {
			isa = PBXGroup;
			children = (
				7191301F2B8E58FD00E8167B /* slowa.txt */,
				712F4D1A2B865658007E3882 /* KeyboardView.swift */,
				712F4D1F2B87D069007E3882 /* KeyboardReciver.swift */,
			);
			path = Keyboard;
			sourceTree = "<group>";
		};
		712F4D102B826A33007E3882 /* Fonts */ = {
			isa = PBXGroup;
			children = (
				712F4D122B826A4F007E3882 /* Rubik-Italic-VariableFont_wght.ttf */,
				712F4D112B826A4F007E3882 /* Rubik-VariableFont_wght.ttf */,
			);
			path = Fonts;
			sourceTree = "<group>";
		};
		712F4D1E2B87CF54007E3882 /* GuessBox */ = {
			isa = PBXGroup;
			children = (
				712F4D182B8532FC007E3882 /* GuessWordView.swift */,
				712F4D0E2B826536007E3882 /* LetterBox.swift */,
				712F4D162B828118007E3882 /* ColorCutView.swift */,
				71D8FEA72B8902A300863454 /* LetterStateVM.swift */,
			);
			path = GuessBox;
			sourceTree = "<group>";
		};
		AFF3946A8C96BE7F1E18043F /* Pods */ = {
			isa = PBXGroup;
			children = (
				DAFE2FB7CD28941DBB8C1A10 /* Pods-Letterly.debug.xcconfig */,
				8DA723DF176B317E156CF14F /* Pods-Letterly.release.xcconfig */,
			);
			path = Pods;
			sourceTree = "<group>";
		};
/* End PBXGroup section */

/* Begin PBXNativeTarget section */
		712F4CFB2B8264FD007E3882 /* Letterly */ = {
			isa = PBXNativeTarget;
			buildConfigurationList = 712F4D0A2B8264FF007E3882 /* Build configuration list for PBXNativeTarget "Letterly" */;
			buildPhases = (
				EE6DB492F6BD2A4752892F6F /* [CP] Check Pods Manifest.lock */,
				712F4CF82B8264FD007E3882 /* Sources */,
				712F4CF92B8264FD007E3882 /* Frameworks */,
				712F4CFA2B8264FD007E3882 /* Resources */,
				658E9FEE099B47678F2B871D /* [CP] Embed Pods Frameworks */,
			);
			buildRules = (
			);
			dependencies = (
			);
			name = Letterly;
			packageProductDependencies = (
			);
			productName = Letterly;
			productReference = 712F4CFC2B8264FD007E3882 /* Letterly.app */;
			productType = "com.apple.product-type.application";
		};
/* End PBXNativeTarget section */

/* Begin PBXProject section */
		712F4CF42B8264FD007E3882 /* Project object */ = {
			isa = PBXProject;
			attributes = {
				BuildIndependentTargetsInParallel = 1;
				LastSwiftUpdateCheck = 1520;
				LastUpgradeCheck = 1520;
				TargetAttributes = {
					712F4CFB2B8264FD007E3882 = {
						CreatedOnToolsVersion = 15.2;
					};
				};
			};
			buildConfigurationList = 712F4CF72B8264FD007E3882 /* Build configuration list for PBXProject "Letterly" */;
			compatibilityVersion = "Xcode 13.0";
			developmentRegion = en;
			hasScannedForEncodings = 0;
			knownRegions = (
				en,
				Base,
			);
			mainGroup = 712F4CF32B8264FD007E3882;
			packageReferences = (
				71860EAD2BA1E0A100A7A66D /* XCRemoteSwiftPackageReference "swiftui-navigation-transitions" */,
			);
			productRefGroup = 712F4CFD2B8264FD007E3882 /* Products */;
			projectDirPath = "";
			projectRoot = "";
			targets = (
				712F4CFB2B8264FD007E3882 /* Letterly */,
			);
		};
/* End PBXProject section */

/* Begin PBXResourcesBuildPhase section */
		712F4CFA2B8264FD007E3882 /* Resources */ = {
			isa = PBXResourcesBuildPhase;
			buildActionMask = 2147483647;
			files = (
				712F4D132B826A4F007E3882 /* Rubik-VariableFont_wght.ttf in Resources */,
				712F4D142B826A4F007E3882 /* Rubik-Italic-VariableFont_wght.ttf in Resources */,
				710BDBEC2C55465600284D27 /* Words in Resources */,
				719130202B8E58FD00E8167B /* slowa.txt in Resources */,
				712F4D072B8264FF007E3882 /* Preview Assets.xcassets in Resources */,
				712F4D042B8264FF007E3882 /* Assets.xcassets in Resources */,
			);
			runOnlyForDeploymentPostprocessing = 0;
		};
/* End PBXResourcesBuildPhase section */

/* Begin PBXShellScriptBuildPhase section */
		658E9FEE099B47678F2B871D /* [CP] Embed Pods Frameworks */ = {
			isa = PBXShellScriptBuildPhase;
			buildActionMask = 2147483647;
			files = (
			);
			inputFileListPaths = (
				"${PODS_ROOT}/Target Support Files/Pods-Letterly/Pods-Letterly-frameworks-${CONFIGURATION}-input-files.xcfilelist",
			);
			name = "[CP] Embed Pods Frameworks";
			outputFileListPaths = (
				"${PODS_ROOT}/Target Support Files/Pods-Letterly/Pods-Letterly-frameworks-${CONFIGURATION}-output-files.xcfilelist",
			);
			runOnlyForDeploymentPostprocessing = 0;
			shellPath = /bin/sh;
			shellScript = "\"${PODS_ROOT}/Target Support Files/Pods-Letterly/Pods-Letterly-frameworks.sh\"\n";
			showEnvVarsInLog = 0;
		};
		EE6DB492F6BD2A4752892F6F /* [CP] Check Pods Manifest.lock */ = {
			isa = PBXShellScriptBuildPhase;
			buildActionMask = 12;
			files = (
			);
			inputFileListPaths = (
			);
			inputPaths = (
				"${PODS_PODFILE_DIR_PATH}/Podfile.lock",
				"${PODS_ROOT}/Manifest.lock",
			);
			name = "[CP] Check Pods Manifest.lock";
			outputFileListPaths = (
			);
			outputPaths = (
				"$(DERIVED_FILE_DIR)/Pods-Letterly-checkManifestLockResult.txt",
			);
			runOnlyForDeploymentPostprocessing = 0;
			shellPath = /bin/sh;
			shellScript = "diff \"${PODS_PODFILE_DIR_PATH}/Podfile.lock\" \"${PODS_ROOT}/Manifest.lock\" > /dev/null\nif [ $? != 0 ] ; then\n    # print error to STDERR\n    echo \"error: The sandbox is not in sync with the Podfile.lock. Run 'pod install' or update your CocoaPods installation.\" >&2\n    exit 1\nfi\n# This output is used by Xcode 'outputs' to avoid re-running this script phase.\necho \"SUCCESS\" > \"${SCRIPT_OUTPUT_FILE_0}\"\n";
			showEnvVarsInLog = 0;
		};
/* End PBXShellScriptBuildPhase section */

/* Begin PBXSourcesBuildPhase section */
		712F4CF82B8264FD007E3882 /* Sources */ = {
			isa = PBXSourcesBuildPhase;
			buildActionMask = 2147483647;
			files = (
				719130232B8E59E200E8167B /* WordsManager.swift in Sources */,
				712F4D022B8264FD007E3882 /* GameView.swift in Sources */,
				712F4D002B8264FD007E3882 /* LetterlyApp.swift in Sources */,
				71860EB12BA1E0C800A7A66D /* MainScreen.swift in Sources */,
				712F4D0F2B826536007E3882 /* LetterBox.swift in Sources */,
				71860EB52BA3619900A7A66D /* CustomSegmentedPicker.swift in Sources */,
				712F4D1B2B865658007E3882 /* KeyboardView.swift in Sources */,
				710BDBF02C5549BB00284D27 /* SettingsView.swift in Sources */,
				712F4D1D2B87C89A007E3882 /* GameViewVM.swift in Sources */,
				71D8FEA82B8902A300863454 /* LetterStateVM.swift in Sources */,
				712F4D192B8532FC007E3882 /* GuessWordView.swift in Sources */,
				71860EB32BA1E36400A7A66D /* CustomModifiers.swift in Sources */,
				712F4D172B828118007E3882 /* ColorCutView.swift in Sources */,
				712F4D202B87D069007E3882 /* KeyboardReciver.swift in Sources */,
				710BDBF22C5549DB00284D27 /* SettingsViewVM.swift in Sources */,
				710BDBF42C58017100284D27 /* LanguageManager.swift in Sources */,
			);
			runOnlyForDeploymentPostprocessing = 0;
		};
/* End PBXSourcesBuildPhase section */

/* Begin XCBuildConfiguration section */
		712F4D082B8264FF007E3882 /* Debug */ = {
			isa = XCBuildConfiguration;
			buildSettings = {
				ALWAYS_SEARCH_USER_PATHS = NO;
				ASSETCATALOG_COMPILER_ALTERNATE_APPICON_NAMES = AppIcon;
				ASSETCATALOG_COMPILER_APPICON_NAME = AppIcon;
				ASSETCATALOG_COMPILER_GENERATE_SWIFT_ASSET_SYMBOL_EXTENSIONS = YES;
				ASSETCATALOG_COMPILER_INCLUDE_ALL_APPICON_ASSETS = YES;
				CLANG_ANALYZER_NONNULL = YES;
				CLANG_ANALYZER_NUMBER_OBJECT_CONVERSION = YES_AGGRESSIVE;
				CLANG_CXX_LANGUAGE_STANDARD = "gnu++20";
				CLANG_ENABLE_MODULES = YES;
				CLANG_ENABLE_OBJC_ARC = YES;
				CLANG_ENABLE_OBJC_WEAK = YES;
				CLANG_WARN_BLOCK_CAPTURE_AUTORELEASING = YES;
				CLANG_WARN_BOOL_CONVERSION = YES;
				CLANG_WARN_COMMA = YES;
				CLANG_WARN_CONSTANT_CONVERSION = YES;
				CLANG_WARN_DEPRECATED_OBJC_IMPLEMENTATIONS = YES;
				CLANG_WARN_DIRECT_OBJC_ISA_USAGE = YES_ERROR;
				CLANG_WARN_DOCUMENTATION_COMMENTS = YES;
				CLANG_WARN_EMPTY_BODY = YES;
				CLANG_WARN_ENUM_CONVERSION = YES;
				CLANG_WARN_INFINITE_RECURSION = YES;
				CLANG_WARN_INT_CONVERSION = YES;
				CLANG_WARN_NON_LITERAL_NULL_CONVERSION = YES;
				CLANG_WARN_OBJC_IMPLICIT_RETAIN_SELF = YES;
				CLANG_WARN_OBJC_LITERAL_CONVERSION = YES;
				CLANG_WARN_OBJC_ROOT_CLASS = YES_ERROR;
				CLANG_WARN_QUOTED_INCLUDE_IN_FRAMEWORK_HEADER = YES;
				CLANG_WARN_RANGE_LOOP_ANALYSIS = YES;
				CLANG_WARN_STRICT_PROTOTYPES = YES;
				CLANG_WARN_SUSPICIOUS_MOVE = YES;
				CLANG_WARN_UNGUARDED_AVAILABILITY = YES_AGGRESSIVE;
				CLANG_WARN_UNREACHABLE_CODE = YES;
				CLANG_WARN__DUPLICATE_METHOD_MATCH = YES;
				COPY_PHASE_STRIP = NO;
				DEBUG_INFORMATION_FORMAT = dwarf;
				ENABLE_STRICT_OBJC_MSGSEND = YES;
				ENABLE_TESTABILITY = YES;
				ENABLE_USER_SCRIPT_SANDBOXING = YES;
				GCC_C_LANGUAGE_STANDARD = gnu17;
				GCC_DYNAMIC_NO_PIC = NO;
				GCC_NO_COMMON_BLOCKS = YES;
				GCC_OPTIMIZATION_LEVEL = 0;
				GCC_PREPROCESSOR_DEFINITIONS = (
					"DEBUG=1",
					"$(inherited)",
				);
				GCC_WARN_64_TO_32_BIT_CONVERSION = YES;
				GCC_WARN_ABOUT_RETURN_TYPE = YES_ERROR;
				GCC_WARN_UNDECLARED_SELECTOR = YES;
				GCC_WARN_UNINITIALIZED_AUTOS = YES_AGGRESSIVE;
				GCC_WARN_UNUSED_FUNCTION = YES;
				GCC_WARN_UNUSED_VARIABLE = YES;
				IPHONEOS_DEPLOYMENT_TARGET = 17.2;
				LOCALIZATION_PREFERS_STRING_CATALOGS = YES;
				MTL_ENABLE_DEBUG_INFO = INCLUDE_SOURCE;
				MTL_FAST_MATH = YES;
				ONLY_ACTIVE_ARCH = YES;
				SDKROOT = iphoneos;
				SWIFT_ACTIVE_COMPILATION_CONDITIONS = "DEBUG $(inherited)";
				SWIFT_OPTIMIZATION_LEVEL = "-Onone";
			};
			name = Debug;
		};
		712F4D092B8264FF007E3882 /* Release */ = {
			isa = XCBuildConfiguration;
			buildSettings = {
				ALWAYS_SEARCH_USER_PATHS = NO;
				ASSETCATALOG_COMPILER_ALTERNATE_APPICON_NAMES = AppIcon;
				ASSETCATALOG_COMPILER_APPICON_NAME = AppIcon;
				ASSETCATALOG_COMPILER_GENERATE_SWIFT_ASSET_SYMBOL_EXTENSIONS = YES;
				ASSETCATALOG_COMPILER_INCLUDE_ALL_APPICON_ASSETS = YES;
				CLANG_ANALYZER_NONNULL = YES;
				CLANG_ANALYZER_NUMBER_OBJECT_CONVERSION = YES_AGGRESSIVE;
				CLANG_CXX_LANGUAGE_STANDARD = "gnu++20";
				CLANG_ENABLE_MODULES = YES;
				CLANG_ENABLE_OBJC_ARC = YES;
				CLANG_ENABLE_OBJC_WEAK = YES;
				CLANG_WARN_BLOCK_CAPTURE_AUTORELEASING = YES;
				CLANG_WARN_BOOL_CONVERSION = YES;
				CLANG_WARN_COMMA = YES;
				CLANG_WARN_CONSTANT_CONVERSION = YES;
				CLANG_WARN_DEPRECATED_OBJC_IMPLEMENTATIONS = YES;
				CLANG_WARN_DIRECT_OBJC_ISA_USAGE = YES_ERROR;
				CLANG_WARN_DOCUMENTATION_COMMENTS = YES;
				CLANG_WARN_EMPTY_BODY = YES;
				CLANG_WARN_ENUM_CONVERSION = YES;
				CLANG_WARN_INFINITE_RECURSION = YES;
				CLANG_WARN_INT_CONVERSION = YES;
				CLANG_WARN_NON_LITERAL_NULL_CONVERSION = YES;
				CLANG_WARN_OBJC_IMPLICIT_RETAIN_SELF = YES;
				CLANG_WARN_OBJC_LITERAL_CONVERSION = YES;
				CLANG_WARN_OBJC_ROOT_CLASS = YES_ERROR;
				CLANG_WARN_QUOTED_INCLUDE_IN_FRAMEWORK_HEADER = YES;
				CLANG_WARN_RANGE_LOOP_ANALYSIS = YES;
				CLANG_WARN_STRICT_PROTOTYPES = YES;
				CLANG_WARN_SUSPICIOUS_MOVE = YES;
				CLANG_WARN_UNGUARDED_AVAILABILITY = YES_AGGRESSIVE;
				CLANG_WARN_UNREACHABLE_CODE = YES;
				CLANG_WARN__DUPLICATE_METHOD_MATCH = YES;
				COPY_PHASE_STRIP = NO;
				DEBUG_INFORMATION_FORMAT = "dwarf-with-dsym";
				ENABLE_NS_ASSERTIONS = NO;
				ENABLE_STRICT_OBJC_MSGSEND = YES;
				ENABLE_USER_SCRIPT_SANDBOXING = YES;
				GCC_C_LANGUAGE_STANDARD = gnu17;
				GCC_NO_COMMON_BLOCKS = YES;
				GCC_WARN_64_TO_32_BIT_CONVERSION = YES;
				GCC_WARN_ABOUT_RETURN_TYPE = YES_ERROR;
				GCC_WARN_UNDECLARED_SELECTOR = YES;
				GCC_WARN_UNINITIALIZED_AUTOS = YES_AGGRESSIVE;
				GCC_WARN_UNUSED_FUNCTION = YES;
				GCC_WARN_UNUSED_VARIABLE = YES;
				IPHONEOS_DEPLOYMENT_TARGET = 17.2;
				LOCALIZATION_PREFERS_STRING_CATALOGS = YES;
				MTL_ENABLE_DEBUG_INFO = NO;
				MTL_FAST_MATH = YES;
				SDKROOT = iphoneos;
				SWIFT_COMPILATION_MODE = wholemodule;
				VALIDATE_PRODUCT = YES;
			};
			name = Release;
		};
		712F4D0B2B8264FF007E3882 /* Debug */ = {
			isa = XCBuildConfiguration;
			baseConfigurationReference = DAFE2FB7CD28941DBB8C1A10 /* Pods-Letterly.debug.xcconfig */;
			buildSettings = {
				ASSETCATALOG_COMPILER_APPICON_NAME = AppIcon;
				ASSETCATALOG_COMPILER_GLOBAL_ACCENT_COLOR_NAME = AccentColor;
				CODE_SIGN_STYLE = Automatic;
				CURRENT_PROJECT_VERSION = 2;
				DEVELOPMENT_ASSET_PATHS = "\"Letterly/Preview Content\"";
				DEVELOPMENT_TEAM = G323CMNMM3;
				ENABLE_PREVIEWS = YES;
				ENABLE_USER_SCRIPT_SANDBOXING = NO;
				GENERATE_INFOPLIST_FILE = YES;
				INFOPLIST_FILE = Letterly/Info.plist;
				INFOPLIST_KEY_CFBundleDisplayName = Letterly;
				INFOPLIST_KEY_LSApplicationCategoryType = "public.app-category.word-games";
				INFOPLIST_KEY_UIApplicationSceneManifest_Generation = YES;
				INFOPLIST_KEY_UIApplicationSupportsIndirectInputEvents = YES;
				INFOPLIST_KEY_UILaunchScreen_Generation = YES;
				INFOPLIST_KEY_UISupportedInterfaceOrientations_iPad = "UIInterfaceOrientationPortrait UIInterfaceOrientationPortraitUpsideDown UIInterfaceOrientationLandscapeLeft UIInterfaceOrientationLandscapeRight";
				INFOPLIST_KEY_UISupportedInterfaceOrientations_iPhone = "UIInterfaceOrientationPortrait UIInterfaceOrientationLandscapeLeft UIInterfaceOrientationLandscapeRight";
				IPHONEOS_DEPLOYMENT_TARGET = 16.0;
				LD_RUNPATH_SEARCH_PATHS = (
					"$(inherited)",
					"@executable_path/Frameworks",
				);
				MARKETING_VERSION = 1.0;
				PRODUCT_BUNDLE_IDENTIFIER = com.kondiko.letterly;
				PRODUCT_NAME = "$(TARGET_NAME)";
				SWIFT_EMIT_LOC_STRINGS = YES;
				SWIFT_VERSION = 5.0;
				TARGETED_DEVICE_FAMILY = "1,2";
				mn = "";
			};
			name = Debug;
		};
		712F4D0C2B8264FF007E3882 /* Release */ = {
			isa = XCBuildConfiguration;
			baseConfigurationReference = 8DA723DF176B317E156CF14F /* Pods-Letterly.release.xcconfig */;
			buildSettings = {
				ASSETCATALOG_COMPILER_APPICON_NAME = AppIcon;
				ASSETCATALOG_COMPILER_GLOBAL_ACCENT_COLOR_NAME = AccentColor;
				CODE_SIGN_STYLE = Automatic;
				CURRENT_PROJECT_VERSION = 2;
				DEVELOPMENT_ASSET_PATHS = "\"Letterly/Preview Content\"";
				DEVELOPMENT_TEAM = G323CMNMM3;
				ENABLE_PREVIEWS = YES;
				ENABLE_USER_SCRIPT_SANDBOXING = NO;
				GENERATE_INFOPLIST_FILE = YES;
				INFOPLIST_FILE = Letterly/Info.plist;
				INFOPLIST_KEY_CFBundleDisplayName = Letterly;
				INFOPLIST_KEY_LSApplicationCategoryType = "public.app-category.word-games";
				INFOPLIST_KEY_UIApplicationSceneManifest_Generation = YES;
				INFOPLIST_KEY_UIApplicationSupportsIndirectInputEvents = YES;
				INFOPLIST_KEY_UILaunchScreen_Generation = YES;
				INFOPLIST_KEY_UISupportedInterfaceOrientations_iPad = "UIInterfaceOrientationPortrait UIInterfaceOrientationPortraitUpsideDown UIInterfaceOrientationLandscapeLeft UIInterfaceOrientationLandscapeRight";
				INFOPLIST_KEY_UISupportedInterfaceOrientations_iPhone = "UIInterfaceOrientationPortrait UIInterfaceOrientationLandscapeLeft UIInterfaceOrientationLandscapeRight";
				IPHONEOS_DEPLOYMENT_TARGET = 16.0;
				LD_RUNPATH_SEARCH_PATHS = (
					"$(inherited)",
					"@executable_path/Frameworks",
				);
				MARKETING_VERSION = 1.0;
				PRODUCT_BUNDLE_IDENTIFIER = com.kondiko.letterly;
				PRODUCT_NAME = "$(TARGET_NAME)";
				SWIFT_EMIT_LOC_STRINGS = YES;
				SWIFT_VERSION = 5.0;
				TARGETED_DEVICE_FAMILY = "1,2";
				mn = "";
			};
			name = Release;
		};
/* End XCBuildConfiguration section */

/* Begin XCConfigurationList section */
		712F4CF72B8264FD007E3882 /* Build configuration list for PBXProject "Letterly" */ = {
			isa = XCConfigurationList;
			buildConfigurations = (
				712F4D082B8264FF007E3882 /* Debug */,
				712F4D092B8264FF007E3882 /* Release */,
			);
			defaultConfigurationIsVisible = 0;
			defaultConfigurationName = Release;
		};
		712F4D0A2B8264FF007E3882 /* Build configuration list for PBXNativeTarget "Letterly" */ = {
			isa = XCConfigurationList;
			buildConfigurations = (
				712F4D0B2B8264FF007E3882 /* Debug */,
				712F4D0C2B8264FF007E3882 /* Release */,
			);
			defaultConfigurationIsVisible = 0;
			defaultConfigurationName = Release;
		};
/* End XCConfigurationList section */

/* Begin XCRemoteSwiftPackageReference section */
		71860EAD2BA1E0A100A7A66D /* XCRemoteSwiftPackageReference "swiftui-navigation-transitions" */ = {
			isa = XCRemoteSwiftPackageReference;
			repositoryURL = "https://github.com/davdroman/swiftui-navigation-transitions.git";
			requirement = {
				kind = upToNextMajorVersion;
				minimumVersion = 0.13.3;
			};
		};
/* End XCRemoteSwiftPackageReference section */
	};
	rootObject = 712F4CF42B8264FD007E3882 /* Project object */;
}
